
Microsoft Visual Studio Solution File, Format Version 12.00
# Visual Studio 14
VisualStudioVersion = 14.0.23107.0
MinimumVisualStudioVersion = 10.0.40219.1
Project("{FAE04EC0-301F-11D3-BF4B-00C04F79EFBC}") = "ransodium", "ransodium\ransodium.csproj", "{C76571C0-DF80-4A19-BF50-E31E7B2399F0}"
EndProject
Project("{FAE04EC0-301F-11D3-BF4B-00C04F79EFBC}") = "admin", "admin\admin.csproj", "{94AF2497-4490-4922-88E1-69D62113892E}"
EndProject
Project("{FAE04EC0-301F-11D3-BF4B-00C04F79EFBC}") = "decryptor", "decryptor\decryptor.csproj", "{D0FE10CF-3619-49F8-9B22-5FFEC3CC544D}"
EndProject
Project("{2150E333-8FDC-42A3-9474-1A3956D46DE8}") = "Solution Items", "Solution Items", "{BB38C612-F233-4C32-9306-989EC0A995B1}"
	ProjectSection(SolutionItems) = preProject
		LICENSE.md = LICENSE.md
		README.md = README.md
	EndProjectSection
EndProject
Global
	GlobalSection(SolutionConfigurationPlatforms) = preSolution
		Debug|Any CPU = Debug|Any CPU
		Release|Any CPU = Release|Any CPU
	EndGlobalSection
	GlobalSection(ProjectConfigurationPlatforms) = postSolution
		{C76571C0-DF80-4A19-BF50-E31E7B2399F0}.Debug|Any CPU.ActiveCfg = Debug|Any CPU
		{C76571C0-DF80-4A19-BF50-E31E7B2399F0}.Debug|Any CPU.Build.0 = Debug|Any CPU
		{C76571C0-DF80-4A19-BF50-E31E7B2399F0}.Release|Any CPU.ActiveCfg = Release|Any CPU
		{C76571C0-DF80-4A19-BF50-E31E7B2399F0}.Release|Any CPU.Build.0 = Release|Any CPU
		{94AF2497-4490-4922-88E1-69D62113892E}.Debug|Any CPU.ActiveCfg = Debug|Any CPU
		{94AF2497-4490-4922-88E1-69D62113892E}.Debug|Any CPU.Build.0 = Debug|Any CPU
		{94AF2497-4490-4922-88E1-69D62113892E}.Release|Any CPU.ActiveCfg = Release|Any CPU
		{94AF2497-4490-4922-88E1-69D62113892E}.Release|Any CPU.Build.0 = Release|Any CPU
		{D0FE10CF-3619-49F8-9B22-5FFEC3CC544D}.Debug|Any CPU.ActiveCfg = Debug|Any CPU
		{D0FE10CF-3619-49F8-9B22-5FFEC3CC544D}.Debug|Any CPU.Build.0 = Debug|Any CPU
		{D0FE10CF-3619-49F8-9B22-5FFEC3CC544D}.Release|Any CPU.ActiveCfg = Release|Any CPU
		{D0FE10CF-3619-49F8-9B22-5FFEC3CC544D}.Release|Any CPU.Build.0 = Release|Any CPU
	EndGlobalSection
	GlobalSection(SolutionProperties) = preSolution
		HideSolutionNode = FALSE
	EndGlobalSection
EndGlobal
